
Microsoft Visual Studio Solution File, Format Version 12.00
# Visual Studio Version 17
VisualStudioVersion = 17.4.33205.214
MinimumVisualStudioVersion = 10.0.40219.1
Project("{FAE04EC0-301F-11D3-BF4B-00C04F79EFBC}") = "SpecFlowOnlineBank.Specs", "SpecFlowOnlineBank.Specs\SpecFlowOnlineBank.Specs.csproj", "{8E55F21F-6820-4A8E-9059-61A0F52613D0}"
EndProject
Global
	GlobalSection(SolutionConfigurationPlatforms) = preSolution
		Debug|Any CPU = Debug|Any CPU
		Release|Any CPU = Release|Any CPU
	EndGlobalSection
	GlobalSection(ProjectConfigurationPlatforms) = postSolution
		{8E55F21F-6820-4A8E-9059-61A0F52613D0}.Debug|Any CPU.ActiveCfg = Debug|Any CPU
		{8E55F21F-6820-4A8E-9059-61A0F52613D0}.Debug|Any CPU.Build.0 = Debug|Any CPU
		{8E55F21F-6820-4A8E-9059-61A0F52613D0}.Release|Any CPU.ActiveCfg = Release|Any CPU
		{8E55F21F-6820-4A8E-9059-61A0F52613D0}.Release|Any CPU.Build.0 = Release|Any CPU
	EndGlobalSection
	GlobalSection(SolutionProperties) = preSolution
		HideSolutionNode = FALSE
	EndGlobalSection
	GlobalSection(ExtensibilityGlobals) = postSolution
		SolutionGuid = {D4F770AF-1088-498F-9445-FE13E922727B}
	EndGlobalSection
EndGlobal
